
Microsoft Visual Studio Solution File, Format Version 12.00
# Visual Studio Version 16
VisualStudioVersion = 16.0.31205.134
MinimumVisualStudioVersion = 10.0.40219.1
Project("{8BC9CEB8-8B4A-11D0-8D11-00A0C91BC942}") = "task1", "task1\task1.vcxproj", "{C5082501-0B73-4375-B000-8BD44B0AC6EF}"
EndProject
Global
	GlobalSection(SolutionConfigurationPlatforms) = preSolution
		Debug|x64 = Debug|x64
		Debug|x86 = Debug|x86
		Release|x64 = Release|x64
		Release|x86 = Release|x86
	EndGlobalSection
	GlobalSection(ProjectConfigurationPlatforms) = postSolution
		{C5082501-0B73-4375-B000-8BD44B0AC6EF}.Debug|x64.ActiveCfg = Debug|x64
		{C5082501-0B73-4375-B000-8BD44B0AC6EF}.Debug|x64.Build.0 = Debug|x64
		{C5082501-0B73-4375-B000-8BD44B0AC6EF}.Debug|x86.ActiveCfg = Debug|Win32
		{C5082501-0B73-4375-B000-8BD44B0AC6EF}.Debug|x86.Build.0 = Debug|Win32
		{C5082501-0B73-4375-B000-8BD44B0AC6EF}.Release|x64.ActiveCfg = Release|x64
		{C5082501-0B73-4375-B000-8BD44B0AC6EF}.Release|x64.Build.0 = Release|x64
		{C5082501-0B73-4375-B000-8BD44B0AC6EF}.Release|x86.ActiveCfg = Release|Win32
		{C5082501-0B73-4375-B000-8BD44B0AC6EF}.Release|x86.Build.0 = Release|Win32
	EndGlobalSection
	GlobalSection(SolutionProperties) = preSolution
		HideSolutionNode = FALSE
	EndGlobalSection
	GlobalSection(ExtensibilityGlobals) = postSolution
		SolutionGuid = {0A2EEC88-9601-4368-8FB8-B1BE17D7DC78}
	EndGlobalSection
EndGlobal
