
Microsoft Visual Studio Solution File, Format Version 12.00
# Visual Studio Version 16
VisualStudioVersion = 16.0.31205.134
MinimumVisualStudioVersion = 10.0.40219.1
Project("{8BC9CEB8-8B4A-11D0-8D11-00A0C91BC942}") = "home_work_1", "home_work_1\home_work_1.vcxproj", "{52741B18-F903-4F37-80D7-AC54F1E3AC6C}"
EndProject
Project("{8BC9CEB8-8B4A-11D0-8D11-00A0C91BC942}") = "Multiplication", "Multiplication\Multiplication.vcxproj", "{FDBBCD83-835A-4438-95F4-0E08C6D15EF4}"
EndProject
Project("{8BC9CEB8-8B4A-11D0-8D11-00A0C91BC942}") = "Mutants", "Mutants\Mutants.vcxproj", "{7DAE253A-5AE9-47DF-ABCC-09ADB0F2B4BC}"
EndProject
Project("{8BC9CEB8-8B4A-11D0-8D11-00A0C91BC942}") = "NOC", "NOC\NOC.vcxproj", "{3AD45766-E900-46AB-B26F-8DF89668B1BC}"
EndProject
Project("{8BC9CEB8-8B4A-11D0-8D11-00A0C91BC942}") = "NOD", "NOD\NOD.vcxproj", "{70212E95-7864-43C2-A89A-064B4317CA35}"
EndProject
Project("{8BC9CEB8-8B4A-11D0-8D11-00A0C91BC942}") = "HORSES", "HORSES\HORSES.vcxproj", "{E9039E73-8ADB-419E-BAEB-DEE963E4559F}"
EndProject
Project("{8BC9CEB8-8B4A-11D0-8D11-00A0C91BC942}") = "test", "test\test.vcxproj", "{3719A65C-9D99-4CDE-B4CB-B60B1F08DC32}"
EndProject
Project("{8BC9CEB8-8B4A-11D0-8D11-00A0C91BC942}") = "NumbersInColumn_ladder_2.1", "NumbersInColumn_ladder_2.1\NumbersInColumn_ladder_2.1.vcxproj", "{A18DE504-CA9E-4378-A565-9A1FE60C191D}"
EndProject
Project("{8BC9CEB8-8B4A-11D0-8D11-00A0C91BC942}") = "SumOfNumbers_ladder_2.2", "SumOfNumbers_ladder_2.2\SumOfNumbers_ladder_2.2.vcxproj", "{10EB2995-FC2B-44D0-B377-EB55554D16BF}"
EndProject
Project("{8BC9CEB8-8B4A-11D0-8D11-00A0C91BC942}") = "MultiplicationOfNumber_ladder_2.3", "MultiplicationOfNumber_ladder_2.3\MultiplicationOfNumber_ladder_2.3.vcxproj", "{A4331563-6286-4268-88FF-65DC985C1622}"
EndProject
Project("{2150E333-8FDC-42A3-9474-1A3956D46DE8}") = "2", "2", "{77D3F231-F1EB-4EFA-B001-3664A4AF1035}"
EndProject
Project("{2150E333-8FDC-42A3-9474-1A3956D46DE8}") = "deadlines", "deadlines", "{5E586667-30AA-4A8A-92B5-3A9B21C0AEC2}"
EndProject
Project("{2150E333-8FDC-42A3-9474-1A3956D46DE8}") = "first", "first", "{82E51319-08AC-4082-9DE8-5CB20295D91D}"
EndProject
Project("{2150E333-8FDC-42A3-9474-1A3956D46DE8}") = "ladder", "ladder", "{C3869877-172F-4701-B967-7500E4FD46D8}"
EndProject
Project("{8BC9CEB8-8B4A-11D0-8D11-00A0C91BC942}") = "IncreasingDecreasingNumber_ladder_2.4", "IncreasingDecreasingNumber_ladder_2.4\IncreasingDecreasingNumber_ladder_2.4.vcxproj", "{48935096-3160-4406-AD9B-FE04F8C1A2EC}"
EndProject
Project("{8BC9CEB8-8B4A-11D0-8D11-00A0C91BC942}") = "SmallAverageLargeNumber_ladder_2.5", "SmallAverageLargeNumber_ladder_2.5\SmallAverageLargeNumber_ladder_2.5.vcxproj", "{715DFC74-CFFE-40A5-8E42-44004F7D7AA7}"
EndProject
Project("{8BC9CEB8-8B4A-11D0-8D11-00A0C91BC942}") = "IdenticalNumbersInRow_ladder_2.6", "IdenticalNumbersInRow_ladder_2.6\IdenticalNumbersInRow_ladder_2.6.vcxproj", "{07FEDCC9-45AB-43EE-9378-24F596047EDD}"
EndProject
Project("{8BC9CEB8-8B4A-11D0-8D11-00A0C91BC942}") = "IdenticalNumbers_ladder_2.7", "IdenticalNumbers_ladder_2.7\IdenticalNumbers_ladder_2.7.vcxproj", "{DBA56D6E-2488-4B57-B262-641A2A160738}"
EndProject
Project("{8BC9CEB8-8B4A-11D0-8D11-00A0C91BC942}") = "ConvertingFromBinaryToDecimal", "ConvertingFromBinaryToDecimal\ConvertingFromBinaryToDecimal.vcxproj", "{1D1BD30B-CDBB-42AB-A363-F20917D0B199}"
EndProject
Project("{8BC9CEB8-8B4A-11D0-8D11-00A0C91BC942}") = "NumberOfFate", "NumberOfFate\NumberOfFate.vcxproj", "{2AC2A1DC-5E91-49C3-9E15-3621F51220F7}"
EndProject
Project("{2150E333-8FDC-42A3-9474-1A3956D46DE8}") = "3", "3", "{FCD5348D-F731-40AB-9D84-E4D92F4DB965}"
EndProject
Project("{8BC9CEB8-8B4A-11D0-8D11-00A0C91BC942}") = "letter", "letter\letter.vcxproj", "{891F1057-150F-4C2E-A647-53CF06F704F1}"
EndProject
Project("{8BC9CEB8-8B4A-11D0-8D11-00A0C91BC942}") = "zero", "zero\zero.vcxproj", "{3808216C-962D-42DF-ABA8-8DC69F1DE77B}"
EndProject
Project("{8BC9CEB8-8B4A-11D0-8D11-00A0C91BC942}") = "interNumber", "interNumber\interNumber.vcxproj", "{CE4F28E2-4975-442D-8E28-A878873246C9}"
EndProject
Project("{8BC9CEB8-8B4A-11D0-8D11-00A0C91BC942}") = "rangeDigit", "rangeDigit\rangeDigit.vcxproj", "{7DE72B34-257C-4046-8459-39CFD5311557}"
EndProject
Project("{8BC9CEB8-8B4A-11D0-8D11-00A0C91BC942}") = "guessNumbe", "guessNumbe\guessNumbe.vcxproj", "{543945C5-6996-462A-A205-1201D0CDD52B}"
EndProject
Project("{2150E333-8FDC-42A3-9474-1A3956D46DE8}") = "second", "second", "{C2C12BCD-F0E0-4EB7-A61F-F32DEE9F8369}"
EndProject
Project("{8BC9CEB8-8B4A-11D0-8D11-00A0C91BC942}") = "UNITS", "UNITS\UNITS.vcxproj", "{5F6F867A-E37B-4D72-92E1-CC48F2F74165}"
EndProject
Project("{8BC9CEB8-8B4A-11D0-8D11-00A0C91BC942}") = "SQUARES", "SQUARES\SQUARES.vcxproj", "{5850D6AE-EFB3-43F8-8D0D-D9B8E4A301A5}"
EndProject
Project("{2150E333-8FDC-42A3-9474-1A3956D46DE8}") = "4", "4", "{EEA585FB-CE38-424A-95DD-AE31D58D4E67}"
EndProject
Project("{8BC9CEB8-8B4A-11D0-8D11-00A0C91BC942}") = "test_3", "test_3\test_3.vcxproj", "{1E032CE8-4D4E-488E-87B6-2921D0BAF2DD}"
EndProject
Project("{8BC9CEB8-8B4A-11D0-8D11-00A0C91BC942}") = "test_4_2", "test_4_2\test_4_2.vcxproj", "{9FAA3CBB-DDA9-4589-90EE-C2F619B6B8EF}"
EndProject
Project("{2150E333-8FDC-42A3-9474-1A3956D46DE8}") = "third", "third", "{3D740C74-25BB-4551-9EAE-7C551738A9DF}"
EndProject
Project("{8BC9CEB8-8B4A-11D0-8D11-00A0C91BC942}") = "CATEGORIES", "CATEGORIES\CATEGORIES.vcxproj", "{BD2CF51A-A53D-47DA-A921-74C94567D56F}"
EndProject
Project("{8BC9CEB8-8B4A-11D0-8D11-00A0C91BC942}") = "discharge", "discharge\discharge.vcxproj", "{5E40CF83-B8F2-4B69-BDBD-365D3F5D1B34}"
EndProject
Project("{8BC9CEB8-8B4A-11D0-8D11-00A0C91BC942}") = "GUESSTHENUMBER", "GUESSTHENUMBER\GUESSTHENUMBER.vcxproj", "{FF3FDD72-DD01-4839-A342-C226D85BF86F}"
EndProject
Project("{8BC9CEB8-8B4A-11D0-8D11-00A0C91BC942}") = "fibonacci", "fibonacci\fibonacci.vcxproj", "{805B1078-AB72-4A5E-96C1-8BF977F9A1D3}"
EndProject
Project("{2150E333-8FDC-42A3-9474-1A3956D46DE8}") = "5", "5", "{408FCDF8-91D3-4F07-B835-955D16FD2DCB}"
EndProject
Project("{8BC9CEB8-8B4A-11D0-8D11-00A0C91BC942}") = "ATM", "ATM\ATM.vcxproj", "{586A1BDC-8FB2-4D66-A232-6112D829190F}"
EndProject
Global
	GlobalSection(SolutionConfigurationPlatforms) = preSolution
		Debug|x64 = Debug|x64
		Debug|x86 = Debug|x86
		Release|x64 = Release|x64
		Release|x86 = Release|x86
	EndGlobalSection
	GlobalSection(ProjectConfigurationPlatforms) = postSolution
		{52741B18-F903-4F37-80D7-AC54F1E3AC6C}.Debug|x64.ActiveCfg = Debug|x64
		{52741B18-F903-4F37-80D7-AC54F1E3AC6C}.Debug|x64.Build.0 = Debug|x64
		{52741B18-F903-4F37-80D7-AC54F1E3AC6C}.Debug|x86.ActiveCfg = Debug|Win32
		{52741B18-F903-4F37-80D7-AC54F1E3AC6C}.Debug|x86.Build.0 = Debug|Win32
		{52741B18-F903-4F37-80D7-AC54F1E3AC6C}.Release|x64.ActiveCfg = Release|x64
		{52741B18-F903-4F37-80D7-AC54F1E3AC6C}.Release|x64.Build.0 = Release|x64
		{52741B18-F903-4F37-80D7-AC54F1E3AC6C}.Release|x86.ActiveCfg = Release|Win32
		{52741B18-F903-4F37-80D7-AC54F1E3AC6C}.Release|x86.Build.0 = Release|Win32
		{FDBBCD83-835A-4438-95F4-0E08C6D15EF4}.Debug|x64.ActiveCfg = Debug|x64
		{FDBBCD83-835A-4438-95F4-0E08C6D15EF4}.Debug|x64.Build.0 = Debug|x64
		{FDBBCD83-835A-4438-95F4-0E08C6D15EF4}.Debug|x86.ActiveCfg = Debug|Win32
		{FDBBCD83-835A-4438-95F4-0E08C6D15EF4}.Debug|x86.Build.0 = Debug|Win32
		{FDBBCD83-835A-4438-95F4-0E08C6D15EF4}.Release|x64.ActiveCfg = Release|x64
		{FDBBCD83-835A-4438-95F4-0E08C6D15EF4}.Release|x64.Build.0 = Release|x64
		{FDBBCD83-835A-4438-95F4-0E08C6D15EF4}.Release|x86.ActiveCfg = Release|Win32
		{FDBBCD83-835A-4438-95F4-0E08C6D15EF4}.Release|x86.Build.0 = Release|Win32
		{7DAE253A-5AE9-47DF-ABCC-09ADB0F2B4BC}.Debug|x64.ActiveCfg = Debug|x64
		{7DAE253A-5AE9-47DF-ABCC-09ADB0F2B4BC}.Debug|x64.Build.0 = Debug|x64
		{7DAE253A-5AE9-47DF-ABCC-09ADB0F2B4BC}.Debug|x86.ActiveCfg = Debug|Win32
		{7DAE253A-5AE9-47DF-ABCC-09ADB0F2B4BC}.Debug|x86.Build.0 = Debug|Win32
		{7DAE253A-5AE9-47DF-ABCC-09ADB0F2B4BC}.Release|x64.ActiveCfg = Release|x64
		{7DAE253A-5AE9-47DF-ABCC-09ADB0F2B4BC}.Release|x64.Build.0 = Release|x64
		{7DAE253A-5AE9-47DF-ABCC-09ADB0F2B4BC}.Release|x86.ActiveCfg = Release|Win32
		{7DAE253A-5AE9-47DF-ABCC-09ADB0F2B4BC}.Release|x86.Build.0 = Release|Win32
		{3AD45766-E900-46AB-B26F-8DF89668B1BC}.Debug|x64.ActiveCfg = Debug|x64
		{3AD45766-E900-46AB-B26F-8DF89668B1BC}.Debug|x64.Build.0 = Debug|x64
		{3AD45766-E900-46AB-B26F-8DF89668B1BC}.Debug|x86.ActiveCfg = Debug|Win32
		{3AD45766-E900-46AB-B26F-8DF89668B1BC}.Debug|x86.Build.0 = Debug|Win32
		{3AD45766-E900-46AB-B26F-8DF89668B1BC}.Release|x64.ActiveCfg = Release|x64
		{3AD45766-E900-46AB-B26F-8DF89668B1BC}.Release|x64.Build.0 = Release|x64
		{3AD45766-E900-46AB-B26F-8DF89668B1BC}.Release|x86.ActiveCfg = Release|Win32
		{3AD45766-E900-46AB-B26F-8DF89668B1BC}.Release|x86.Build.0 = Release|Win32
		{70212E95-7864-43C2-A89A-064B4317CA35}.Debug|x64.ActiveCfg = Debug|x64
		{70212E95-7864-43C2-A89A-064B4317CA35}.Debug|x64.Build.0 = Debug|x64
		{70212E95-7864-43C2-A89A-064B4317CA35}.Debug|x86.ActiveCfg = Debug|Win32
		{70212E95-7864-43C2-A89A-064B4317CA35}.Debug|x86.Build.0 = Debug|Win32
		{70212E95-7864-43C2-A89A-064B4317CA35}.Release|x64.ActiveCfg = Release|x64
		{70212E95-7864-43C2-A89A-064B4317CA35}.Release|x64.Build.0 = Release|x64
		{70212E95-7864-43C2-A89A-064B4317CA35}.Release|x86.ActiveCfg = Release|Win32
		{70212E95-7864-43C2-A89A-064B4317CA35}.Release|x86.Build.0 = Release|Win32
		{E9039E73-8ADB-419E-BAEB-DEE963E4559F}.Debug|x64.ActiveCfg = Debug|x64
		{E9039E73-8ADB-419E-BAEB-DEE963E4559F}.Debug|x64.Build.0 = Debug|x64
		{E9039E73-8ADB-419E-BAEB-DEE963E4559F}.Debug|x86.ActiveCfg = Debug|Win32
		{E9039E73-8ADB-419E-BAEB-DEE963E4559F}.Debug|x86.Build.0 = Debug|Win32
		{E9039E73-8ADB-419E-BAEB-DEE963E4559F}.Release|x64.ActiveCfg = Release|x64
		{E9039E73-8ADB-419E-BAEB-DEE963E4559F}.Release|x64.Build.0 = Release|x64
		{E9039E73-8ADB-419E-BAEB-DEE963E4559F}.Release|x86.ActiveCfg = Release|Win32
		{E9039E73-8ADB-419E-BAEB-DEE963E4559F}.Release|x86.Build.0 = Release|Win32
		{3719A65C-9D99-4CDE-B4CB-B60B1F08DC32}.Debug|x64.ActiveCfg = Debug|x64
		{3719A65C-9D99-4CDE-B4CB-B60B1F08DC32}.Debug|x64.Build.0 = Debug|x64
		{3719A65C-9D99-4CDE-B4CB-B60B1F08DC32}.Debug|x86.ActiveCfg = Debug|Win32
		{3719A65C-9D99-4CDE-B4CB-B60B1F08DC32}.Debug|x86.Build.0 = Debug|Win32
		{3719A65C-9D99-4CDE-B4CB-B60B1F08DC32}.Release|x64.ActiveCfg = Release|x64
		{3719A65C-9D99-4CDE-B4CB-B60B1F08DC32}.Release|x64.Build.0 = Release|x64
		{3719A65C-9D99-4CDE-B4CB-B60B1F08DC32}.Release|x86.ActiveCfg = Release|Win32
		{3719A65C-9D99-4CDE-B4CB-B60B1F08DC32}.Release|x86.Build.0 = Release|Win32
		{A18DE504-CA9E-4378-A565-9A1FE60C191D}.Debug|x64.ActiveCfg = Debug|x64
		{A18DE504-CA9E-4378-A565-9A1FE60C191D}.Debug|x64.Build.0 = Debug|x64
		{A18DE504-CA9E-4378-A565-9A1FE60C191D}.Debug|x86.ActiveCfg = Debug|Win32
		{A18DE504-CA9E-4378-A565-9A1FE60C191D}.Debug|x86.Build.0 = Debug|Win32
		{A18DE504-CA9E-4378-A565-9A1FE60C191D}.Release|x64.ActiveCfg = Release|x64
		{A18DE504-CA9E-4378-A565-9A1FE60C191D}.Release|x64.Build.0 = Release|x64
		{A18DE504-CA9E-4378-A565-9A1FE60C191D}.Release|x86.ActiveCfg = Release|Win32
		{A18DE504-CA9E-4378-A565-9A1FE60C191D}.Release|x86.Build.0 = Release|Win32
		{10EB2995-FC2B-44D0-B377-EB55554D16BF}.Debug|x64.ActiveCfg = Debug|x64
		{10EB2995-FC2B-44D0-B377-EB55554D16BF}.Debug|x64.Build.0 = Debug|x64
		{10EB2995-FC2B-44D0-B377-EB55554D16BF}.Debug|x86.ActiveCfg = Debug|Win32
		{10EB2995-FC2B-44D0-B377-EB55554D16BF}.Debug|x86.Build.0 = Debug|Win32
		{10EB2995-FC2B-44D0-B377-EB55554D16BF}.Release|x64.ActiveCfg = Release|x64
		{10EB2995-FC2B-44D0-B377-EB55554D16BF}.Release|x64.Build.0 = Release|x64
		{10EB2995-FC2B-44D0-B377-EB55554D16BF}.Release|x86.ActiveCfg = Release|Win32
		{10EB2995-FC2B-44D0-B377-EB55554D16BF}.Release|x86.Build.0 = Release|Win32
		{A4331563-6286-4268-88FF-65DC985C1622}.Debug|x64.ActiveCfg = Debug|x64
		{A4331563-6286-4268-88FF-65DC985C1622}.Debug|x64.Build.0 = Debug|x64
		{A4331563-6286-4268-88FF-65DC985C1622}.Debug|x86.ActiveCfg = Debug|Win32
		{A4331563-6286-4268-88FF-65DC985C1622}.Debug|x86.Build.0 = Debug|Win32
		{A4331563-6286-4268-88FF-65DC985C1622}.Release|x64.ActiveCfg = Release|x64
		{A4331563-6286-4268-88FF-65DC985C1622}.Release|x64.Build.0 = Release|x64
		{A4331563-6286-4268-88FF-65DC985C1622}.Release|x86.ActiveCfg = Release|Win32
		{A4331563-6286-4268-88FF-65DC985C1622}.Release|x86.Build.0 = Release|Win32
		{48935096-3160-4406-AD9B-FE04F8C1A2EC}.Debug|x64.ActiveCfg = Debug|x64
		{48935096-3160-4406-AD9B-FE04F8C1A2EC}.Debug|x64.Build.0 = Debug|x64
		{48935096-3160-4406-AD9B-FE04F8C1A2EC}.Debug|x86.ActiveCfg = Debug|Win32
		{48935096-3160-4406-AD9B-FE04F8C1A2EC}.Debug|x86.Build.0 = Debug|Win32
		{48935096-3160-4406-AD9B-FE04F8C1A2EC}.Release|x64.ActiveCfg = Release|x64
		{48935096-3160-4406-AD9B-FE04F8C1A2EC}.Release|x64.Build.0 = Release|x64
		{48935096-3160-4406-AD9B-FE04F8C1A2EC}.Release|x86.ActiveCfg = Release|Win32
		{48935096-3160-4406-AD9B-FE04F8C1A2EC}.Release|x86.Build.0 = Release|Win32
		{715DFC74-CFFE-40A5-8E42-44004F7D7AA7}.Debug|x64.ActiveCfg = Debug|x64
		{715DFC74-CFFE-40A5-8E42-44004F7D7AA7}.Debug|x64.Build.0 = Debug|x64
		{715DFC74-CFFE-40A5-8E42-44004F7D7AA7}.Debug|x86.ActiveCfg = Debug|Win32
		{715DFC74-CFFE-40A5-8E42-44004F7D7AA7}.Debug|x86.Build.0 = Debug|Win32
		{715DFC74-CFFE-40A5-8E42-44004F7D7AA7}.Release|x64.ActiveCfg = Release|x64
		{715DFC74-CFFE-40A5-8E42-44004F7D7AA7}.Release|x64.Build.0 = Release|x64
		{715DFC74-CFFE-40A5-8E42-44004F7D7AA7}.Release|x86.ActiveCfg = Release|Win32
		{715DFC74-CFFE-40A5-8E42-44004F7D7AA7}.Release|x86.Build.0 = Release|Win32
		{07FEDCC9-45AB-43EE-9378-24F596047EDD}.Debug|x64.ActiveCfg = Debug|x64
		{07FEDCC9-45AB-43EE-9378-24F596047EDD}.Debug|x64.Build.0 = Debug|x64
		{07FEDCC9-45AB-43EE-9378-24F596047EDD}.Debug|x86.ActiveCfg = Debug|Win32
		{07FEDCC9-45AB-43EE-9378-24F596047EDD}.Debug|x86.Build.0 = Debug|Win32
		{07FEDCC9-45AB-43EE-9378-24F596047EDD}.Release|x64.ActiveCfg = Release|x64
		{07FEDCC9-45AB-43EE-9378-24F596047EDD}.Release|x64.Build.0 = Release|x64
		{07FEDCC9-45AB-43EE-9378-24F596047EDD}.Release|x86.ActiveCfg = Release|Win32
		{07FEDCC9-45AB-43EE-9378-24F596047EDD}.Release|x86.Build.0 = Release|Win32
		{DBA56D6E-2488-4B57-B262-641A2A160738}.Debug|x64.ActiveCfg = Debug|x64
		{DBA56D6E-2488-4B57-B262-641A2A160738}.Debug|x64.Build.0 = Debug|x64
		{DBA56D6E-2488-4B57-B262-641A2A160738}.Debug|x86.ActiveCfg = Debug|Win32
		{DBA56D6E-2488-4B57-B262-641A2A160738}.Debug|x86.Build.0 = Debug|Win32
		{DBA56D6E-2488-4B57-B262-641A2A160738}.Release|x64.ActiveCfg = Release|x64
		{DBA56D6E-2488-4B57-B262-641A2A160738}.Release|x64.Build.0 = Release|x64
		{DBA56D6E-2488-4B57-B262-641A2A160738}.Release|x86.ActiveCfg = Release|Win32
		{DBA56D6E-2488-4B57-B262-641A2A160738}.Release|x86.Build.0 = Release|Win32
		{1D1BD30B-CDBB-42AB-A363-F20917D0B199}.Debug|x64.ActiveCfg = Debug|x64
		{1D1BD30B-CDBB-42AB-A363-F20917D0B199}.Debug|x64.Build.0 = Debug|x64
		{1D1BD30B-CDBB-42AB-A363-F20917D0B199}.Debug|x86.ActiveCfg = Debug|Win32
		{1D1BD30B-CDBB-42AB-A363-F20917D0B199}.Debug|x86.Build.0 = Debug|Win32
		{1D1BD30B-CDBB-42AB-A363-F20917D0B199}.Release|x64.ActiveCfg = Release|x64
		{1D1BD30B-CDBB-42AB-A363-F20917D0B199}.Release|x64.Build.0 = Release|x64
		{1D1BD30B-CDBB-42AB-A363-F20917D0B199}.Release|x86.ActiveCfg = Release|Win32
		{1D1BD30B-CDBB-42AB-A363-F20917D0B199}.Release|x86.Build.0 = Release|Win32
		{2AC2A1DC-5E91-49C3-9E15-3621F51220F7}.Debug|x64.ActiveCfg = Debug|x64
		{2AC2A1DC-5E91-49C3-9E15-3621F51220F7}.Debug|x64.Build.0 = Debug|x64
		{2AC2A1DC-5E91-49C3-9E15-3621F51220F7}.Debug|x86.ActiveCfg = Debug|Win32
		{2AC2A1DC-5E91-49C3-9E15-3621F51220F7}.Debug|x86.Build.0 = Debug|Win32
		{2AC2A1DC-5E91-49C3-9E15-3621F51220F7}.Release|x64.ActiveCfg = Release|x64
		{2AC2A1DC-5E91-49C3-9E15-3621F51220F7}.Release|x64.Build.0 = Release|x64
		{2AC2A1DC-5E91-49C3-9E15-3621F51220F7}.Release|x86.ActiveCfg = Release|Win32
		{2AC2A1DC-5E91-49C3-9E15-3621F51220F7}.Release|x86.Build.0 = Release|Win32
		{891F1057-150F-4C2E-A647-53CF06F704F1}.Debug|x64.ActiveCfg = Debug|x64
		{891F1057-150F-4C2E-A647-53CF06F704F1}.Debug|x64.Build.0 = Debug|x64
		{891F1057-150F-4C2E-A647-53CF06F704F1}.Debug|x86.ActiveCfg = Debug|Win32
		{891F1057-150F-4C2E-A647-53CF06F704F1}.Debug|x86.Build.0 = Debug|Win32
		{891F1057-150F-4C2E-A647-53CF06F704F1}.Release|x64.ActiveCfg = Release|x64
		{891F1057-150F-4C2E-A647-53CF06F704F1}.Release|x64.Build.0 = Release|x64
		{891F1057-150F-4C2E-A647-53CF06F704F1}.Release|x86.ActiveCfg = Release|Win32
		{891F1057-150F-4C2E-A647-53CF06F704F1}.Release|x86.Build.0 = Release|Win32
		{3808216C-962D-42DF-ABA8-8DC69F1DE77B}.Debug|x64.ActiveCfg = Debug|x64
		{3808216C-962D-42DF-ABA8-8DC69F1DE77B}.Debug|x64.Build.0 = Debug|x64
		{3808216C-962D-42DF-ABA8-8DC69F1DE77B}.Debug|x86.ActiveCfg = Debug|Win32
		{3808216C-962D-42DF-ABA8-8DC69F1DE77B}.Debug|x86.Build.0 = Debug|Win32
		{3808216C-962D-42DF-ABA8-8DC69F1DE77B}.Release|x64.ActiveCfg = Release|x64
		{3808216C-962D-42DF-ABA8-8DC69F1DE77B}.Release|x64.Build.0 = Release|x64
		{3808216C-962D-42DF-ABA8-8DC69F1DE77B}.Release|x86.ActiveCfg = Release|Win32
		{3808216C-962D-42DF-ABA8-8DC69F1DE77B}.Release|x86.Build.0 = Release|Win32
		{CE4F28E2-4975-442D-8E28-A878873246C9}.Debug|x64.ActiveCfg = Debug|x64
		{CE4F28E2-4975-442D-8E28-A878873246C9}.Debug|x64.Build.0 = Debug|x64
		{CE4F28E2-4975-442D-8E28-A878873246C9}.Debug|x86.ActiveCfg = Debug|Win32
		{CE4F28E2-4975-442D-8E28-A878873246C9}.Debug|x86.Build.0 = Debug|Win32
		{CE4F28E2-4975-442D-8E28-A878873246C9}.Release|x64.ActiveCfg = Release|x64
		{CE4F28E2-4975-442D-8E28-A878873246C9}.Release|x64.Build.0 = Release|x64
		{CE4F28E2-4975-442D-8E28-A878873246C9}.Release|x86.ActiveCfg = Release|Win32
		{CE4F28E2-4975-442D-8E28-A878873246C9}.Release|x86.Build.0 = Release|Win32
		{7DE72B34-257C-4046-8459-39CFD5311557}.Debug|x64.ActiveCfg = Debug|x64
		{7DE72B34-257C-4046-8459-39CFD5311557}.Debug|x64.Build.0 = Debug|x64
		{7DE72B34-257C-4046-8459-39CFD5311557}.Debug|x86.ActiveCfg = Debug|Win32
		{7DE72B34-257C-4046-8459-39CFD5311557}.Debug|x86.Build.0 = Debug|Win32
		{7DE72B34-257C-4046-8459-39CFD5311557}.Release|x64.ActiveCfg = Release|x64
		{7DE72B34-257C-4046-8459-39CFD5311557}.Release|x64.Build.0 = Release|x64
		{7DE72B34-257C-4046-8459-39CFD5311557}.Release|x86.ActiveCfg = Release|Win32
		{7DE72B34-257C-4046-8459-39CFD5311557}.Release|x86.Build.0 = Release|Win32
		{543945C5-6996-462A-A205-1201D0CDD52B}.Debug|x64.ActiveCfg = Debug|x64
		{543945C5-6996-462A-A205-1201D0CDD52B}.Debug|x64.Build.0 = Debug|x64
		{543945C5-6996-462A-A205-1201D0CDD52B}.Debug|x86.ActiveCfg = Debug|Win32
		{543945C5-6996-462A-A205-1201D0CDD52B}.Debug|x86.Build.0 = Debug|Win32
		{543945C5-6996-462A-A205-1201D0CDD52B}.Release|x64.ActiveCfg = Release|x64
		{543945C5-6996-462A-A205-1201D0CDD52B}.Release|x64.Build.0 = Release|x64
		{543945C5-6996-462A-A205-1201D0CDD52B}.Release|x86.ActiveCfg = Release|Win32
		{543945C5-6996-462A-A205-1201D0CDD52B}.Release|x86.Build.0 = Release|Win32
		{5F6F867A-E37B-4D72-92E1-CC48F2F74165}.Debug|x64.ActiveCfg = Debug|x64
		{5F6F867A-E37B-4D72-92E1-CC48F2F74165}.Debug|x64.Build.0 = Debug|x64
		{5F6F867A-E37B-4D72-92E1-CC48F2F74165}.Debug|x86.ActiveCfg = Debug|Win32
		{5F6F867A-E37B-4D72-92E1-CC48F2F74165}.Debug|x86.Build.0 = Debug|Win32
		{5F6F867A-E37B-4D72-92E1-CC48F2F74165}.Release|x64.ActiveCfg = Release|x64
		{5F6F867A-E37B-4D72-92E1-CC48F2F74165}.Release|x64.Build.0 = Release|x64
		{5F6F867A-E37B-4D72-92E1-CC48F2F74165}.Release|x86.ActiveCfg = Release|Win32
		{5F6F867A-E37B-4D72-92E1-CC48F2F74165}.Release|x86.Build.0 = Release|Win32
		{5850D6AE-EFB3-43F8-8D0D-D9B8E4A301A5}.Debug|x64.ActiveCfg = Debug|x64
		{5850D6AE-EFB3-43F8-8D0D-D9B8E4A301A5}.Debug|x64.Build.0 = Debug|x64
		{5850D6AE-EFB3-43F8-8D0D-D9B8E4A301A5}.Debug|x86.ActiveCfg = Debug|Win32
		{5850D6AE-EFB3-43F8-8D0D-D9B8E4A301A5}.Debug|x86.Build.0 = Debug|Win32
		{5850D6AE-EFB3-43F8-8D0D-D9B8E4A301A5}.Release|x64.ActiveCfg = Release|x64
		{5850D6AE-EFB3-43F8-8D0D-D9B8E4A301A5}.Release|x64.Build.0 = Release|x64
		{5850D6AE-EFB3-43F8-8D0D-D9B8E4A301A5}.Release|x86.ActiveCfg = Release|Win32
		{5850D6AE-EFB3-43F8-8D0D-D9B8E4A301A5}.Release|x86.Build.0 = Release|Win32
		{1E032CE8-4D4E-488E-87B6-2921D0BAF2DD}.Debug|x64.ActiveCfg = Debug|x64
		{1E032CE8-4D4E-488E-87B6-2921D0BAF2DD}.Debug|x64.Build.0 = Debug|x64
		{1E032CE8-4D4E-488E-87B6-2921D0BAF2DD}.Debug|x86.ActiveCfg = Debug|Win32
		{1E032CE8-4D4E-488E-87B6-2921D0BAF2DD}.Debug|x86.Build.0 = Debug|Win32
		{1E032CE8-4D4E-488E-87B6-2921D0BAF2DD}.Release|x64.ActiveCfg = Release|x64
		{1E032CE8-4D4E-488E-87B6-2921D0BAF2DD}.Release|x64.Build.0 = Release|x64
		{1E032CE8-4D4E-488E-87B6-2921D0BAF2DD}.Release|x86.ActiveCfg = Release|Win32
		{1E032CE8-4D4E-488E-87B6-2921D0BAF2DD}.Release|x86.Build.0 = Release|Win32
		{9FAA3CBB-DDA9-4589-90EE-C2F619B6B8EF}.Debug|x64.ActiveCfg = Debug|x64
		{9FAA3CBB-DDA9-4589-90EE-C2F619B6B8EF}.Debug|x64.Build.0 = Debug|x64
		{9FAA3CBB-DDA9-4589-90EE-C2F619B6B8EF}.Debug|x86.ActiveCfg = Debug|Win32
		{9FAA3CBB-DDA9-4589-90EE-C2F619B6B8EF}.Debug|x86.Build.0 = Debug|Win32
		{9FAA3CBB-DDA9-4589-90EE-C2F619B6B8EF}.Release|x64.ActiveCfg = Release|x64
		{9FAA3CBB-DDA9-4589-90EE-C2F619B6B8EF}.Release|x64.Build.0 = Release|x64
		{9FAA3CBB-DDA9-4589-90EE-C2F619B6B8EF}.Release|x86.ActiveCfg = Release|Win32
		{9FAA3CBB-DDA9-4589-90EE-C2F619B6B8EF}.Release|x86.Build.0 = Release|Win32
		{BD2CF51A-A53D-47DA-A921-74C94567D56F}.Debug|x64.ActiveCfg = Debug|x64
		{BD2CF51A-A53D-47DA-A921-74C94567D56F}.Debug|x64.Build.0 = Debug|x64
		{BD2CF51A-A53D-47DA-A921-74C94567D56F}.Debug|x86.ActiveCfg = Debug|Win32
		{BD2CF51A-A53D-47DA-A921-74C94567D56F}.Debug|x86.Build.0 = Debug|Win32
		{BD2CF51A-A53D-47DA-A921-74C94567D56F}.Release|x64.ActiveCfg = Release|x64
		{BD2CF51A-A53D-47DA-A921-74C94567D56F}.Release|x64.Build.0 = Release|x64
		{BD2CF51A-A53D-47DA-A921-74C94567D56F}.Release|x86.ActiveCfg = Release|Win32
		{BD2CF51A-A53D-47DA-A921-74C94567D56F}.Release|x86.Build.0 = Release|Win32
		{5E40CF83-B8F2-4B69-BDBD-365D3F5D1B34}.Debug|x64.ActiveCfg = Debug|x64
		{5E40CF83-B8F2-4B69-BDBD-365D3F5D1B34}.Debug|x64.Build.0 = Debug|x64
		{5E40CF83-B8F2-4B69-BDBD-365D3F5D1B34}.Debug|x86.ActiveCfg = Debug|Win32
		{5E40CF83-B8F2-4B69-BDBD-365D3F5D1B34}.Debug|x86.Build.0 = Debug|Win32
		{5E40CF83-B8F2-4B69-BDBD-365D3F5D1B34}.Release|x64.ActiveCfg = Release|x64
		{5E40CF83-B8F2-4B69-BDBD-365D3F5D1B34}.Release|x64.Build.0 = Release|x64
		{5E40CF83-B8F2-4B69-BDBD-365D3F5D1B34}.Release|x86.ActiveCfg = Release|Win32
		{5E40CF83-B8F2-4B69-BDBD-365D3F5D1B34}.Release|x86.Build.0 = Release|Win32
		{FF3FDD72-DD01-4839-A342-C226D85BF86F}.Debug|x64.ActiveCfg = Debug|x64
		{FF3FDD72-DD01-4839-A342-C226D85BF86F}.Debug|x64.Build.0 = Debug|x64
		{FF3FDD72-DD01-4839-A342-C226D85BF86F}.Debug|x86.ActiveCfg = Debug|Win32
		{FF3FDD72-DD01-4839-A342-C226D85BF86F}.Debug|x86.Build.0 = Debug|Win32
		{FF3FDD72-DD01-4839-A342-C226D85BF86F}.Release|x64.ActiveCfg = Release|x64
		{FF3FDD72-DD01-4839-A342-C226D85BF86F}.Release|x64.Build.0 = Release|x64
		{FF3FDD72-DD01-4839-A342-C226D85BF86F}.Release|x86.ActiveCfg = Release|Win32
		{FF3FDD72-DD01-4839-A342-C226D85BF86F}.Release|x86.Build.0 = Release|Win32
		{805B1078-AB72-4A5E-96C1-8BF977F9A1D3}.Debug|x64.ActiveCfg = Debug|x64
		{805B1078-AB72-4A5E-96C1-8BF977F9A1D3}.Debug|x64.Build.0 = Debug|x64
		{805B1078-AB72-4A5E-96C1-8BF977F9A1D3}.Debug|x86.ActiveCfg = Debug|Win32
		{805B1078-AB72-4A5E-96C1-8BF977F9A1D3}.Debug|x86.Build.0 = Debug|Win32
		{805B1078-AB72-4A5E-96C1-8BF977F9A1D3}.Release|x64.ActiveCfg = Release|x64
		{805B1078-AB72-4A5E-96C1-8BF977F9A1D3}.Release|x64.Build.0 = Release|x64
		{805B1078-AB72-4A5E-96C1-8BF977F9A1D3}.Release|x86.ActiveCfg = Release|Win32
		{805B1078-AB72-4A5E-96C1-8BF977F9A1D3}.Release|x86.Build.0 = Release|Win32
		{586A1BDC-8FB2-4D66-A232-6112D829190F}.Debug|x64.ActiveCfg = Debug|x64
		{586A1BDC-8FB2-4D66-A232-6112D829190F}.Debug|x64.Build.0 = Debug|x64
		{586A1BDC-8FB2-4D66-A232-6112D829190F}.Debug|x86.ActiveCfg = Debug|Win32
		{586A1BDC-8FB2-4D66-A232-6112D829190F}.Debug|x86.Build.0 = Debug|Win32
		{586A1BDC-8FB2-4D66-A232-6112D829190F}.Release|x64.ActiveCfg = Release|x64
		{586A1BDC-8FB2-4D66-A232-6112D829190F}.Release|x64.Build.0 = Release|x64
		{586A1BDC-8FB2-4D66-A232-6112D829190F}.Release|x86.ActiveCfg = Release|Win32
		{586A1BDC-8FB2-4D66-A232-6112D829190F}.Release|x86.Build.0 = Release|Win32
	EndGlobalSection
	GlobalSection(SolutionProperties) = preSolution
		HideSolutionNode = FALSE
	EndGlobalSection
	GlobalSection(NestedProjects) = preSolution
		{52741B18-F903-4F37-80D7-AC54F1E3AC6C} = {82E51319-08AC-4082-9DE8-5CB20295D91D}
		{FDBBCD83-835A-4438-95F4-0E08C6D15EF4} = {82E51319-08AC-4082-9DE8-5CB20295D91D}
		{7DAE253A-5AE9-47DF-ABCC-09ADB0F2B4BC} = {82E51319-08AC-4082-9DE8-5CB20295D91D}
		{3AD45766-E900-46AB-B26F-8DF89668B1BC} = {82E51319-08AC-4082-9DE8-5CB20295D91D}
		{70212E95-7864-43C2-A89A-064B4317CA35} = {82E51319-08AC-4082-9DE8-5CB20295D91D}
		{E9039E73-8ADB-419E-BAEB-DEE963E4559F} = {82E51319-08AC-4082-9DE8-5CB20295D91D}
		{A18DE504-CA9E-4378-A565-9A1FE60C191D} = {77D3F231-F1EB-4EFA-B001-3664A4AF1035}
		{10EB2995-FC2B-44D0-B377-EB55554D16BF} = {77D3F231-F1EB-4EFA-B001-3664A4AF1035}
		{A4331563-6286-4268-88FF-65DC985C1622} = {77D3F231-F1EB-4EFA-B001-3664A4AF1035}
		{77D3F231-F1EB-4EFA-B001-3664A4AF1035} = {C3869877-172F-4701-B967-7500E4FD46D8}
		{82E51319-08AC-4082-9DE8-5CB20295D91D} = {5E586667-30AA-4A8A-92B5-3A9B21C0AEC2}
		{48935096-3160-4406-AD9B-FE04F8C1A2EC} = {77D3F231-F1EB-4EFA-B001-3664A4AF1035}
		{715DFC74-CFFE-40A5-8E42-44004F7D7AA7} = {77D3F231-F1EB-4EFA-B001-3664A4AF1035}
		{07FEDCC9-45AB-43EE-9378-24F596047EDD} = {77D3F231-F1EB-4EFA-B001-3664A4AF1035}
		{DBA56D6E-2488-4B57-B262-641A2A160738} = {77D3F231-F1EB-4EFA-B001-3664A4AF1035}
		{1D1BD30B-CDBB-42AB-A363-F20917D0B199} = {82E51319-08AC-4082-9DE8-5CB20295D91D}
		{2AC2A1DC-5E91-49C3-9E15-3621F51220F7} = {82E51319-08AC-4082-9DE8-5CB20295D91D}
		{FCD5348D-F731-40AB-9D84-E4D92F4DB965} = {C3869877-172F-4701-B967-7500E4FD46D8}
		{891F1057-150F-4C2E-A647-53CF06F704F1} = {FCD5348D-F731-40AB-9D84-E4D92F4DB965}
		{3808216C-962D-42DF-ABA8-8DC69F1DE77B} = {FCD5348D-F731-40AB-9D84-E4D92F4DB965}
		{CE4F28E2-4975-442D-8E28-A878873246C9} = {FCD5348D-F731-40AB-9D84-E4D92F4DB965}
		{7DE72B34-257C-4046-8459-39CFD5311557} = {FCD5348D-F731-40AB-9D84-E4D92F4DB965}
		{543945C5-6996-462A-A205-1201D0CDD52B} = {FCD5348D-F731-40AB-9D84-E4D92F4DB965}
		{C2C12BCD-F0E0-4EB7-A61F-F32DEE9F8369} = {5E586667-30AA-4A8A-92B5-3A9B21C0AEC2}
		{5F6F867A-E37B-4D72-92E1-CC48F2F74165} = {C2C12BCD-F0E0-4EB7-A61F-F32DEE9F8369}
		{5850D6AE-EFB3-43F8-8D0D-D9B8E4A301A5} = {C2C12BCD-F0E0-4EB7-A61F-F32DEE9F8369}
		{EEA585FB-CE38-424A-95DD-AE31D58D4E67} = {C3869877-172F-4701-B967-7500E4FD46D8}
		{1E032CE8-4D4E-488E-87B6-2921D0BAF2DD} = {EEA585FB-CE38-424A-95DD-AE31D58D4E67}
		{9FAA3CBB-DDA9-4589-90EE-C2F619B6B8EF} = {EEA585FB-CE38-424A-95DD-AE31D58D4E67}
		{3D740C74-25BB-4551-9EAE-7C551738A9DF} = {5E586667-30AA-4A8A-92B5-3A9B21C0AEC2}
		{BD2CF51A-A53D-47DA-A921-74C94567D56F} = {3D740C74-25BB-4551-9EAE-7C551738A9DF}
		{5E40CF83-B8F2-4B69-BDBD-365D3F5D1B34} = {3D740C74-25BB-4551-9EAE-7C551738A9DF}
		{FF3FDD72-DD01-4839-A342-C226D85BF86F} = {3D740C74-25BB-4551-9EAE-7C551738A9DF}
		{805B1078-AB72-4A5E-96C1-8BF977F9A1D3} = {3D740C74-25BB-4551-9EAE-7C551738A9DF}
		{408FCDF8-91D3-4F07-B835-955D16FD2DCB} = {C3869877-172F-4701-B967-7500E4FD46D8}
		{586A1BDC-8FB2-4D66-A232-6112D829190F} = {408FCDF8-91D3-4F07-B835-955D16FD2DCB}
	EndGlobalSection
	GlobalSection(ExtensibilityGlobals) = postSolution
		SolutionGuid = {3C64EC04-99BB-4FD9-B5A3-5AB62000577E}
	EndGlobalSection
EndGlobal
